
Microsoft Visual Studio Solution File, Format Version 12.00
# Visual Studio Version 16
VisualStudioVersion = 16.0.31025.194
MinimumVisualStudioVersion = 10.0.40219.1
Project("{FAE04EC0-301F-11D3-BF4B-00C04F79EFBC}") = "EmpirePersonellLedger", "EmpirePersonellLedger\EmpirePersonellLedger.csproj", "{1798D3CA-016A-4532-AC59-64EFDB07461B}"
EndProject
Global
	GlobalSection(SolutionConfigurationPlatforms) = preSolution
		Debug|Any CPU = Debug|Any CPU
		Release|Any CPU = Release|Any CPU
	EndGlobalSection
	GlobalSection(ProjectConfigurationPlatforms) = postSolution
		{1798D3CA-016A-4532-AC59-64EFDB07461B}.Debug|Any CPU.ActiveCfg = Debug|Any CPU
		{1798D3CA-016A-4532-AC59-64EFDB07461B}.Debug|Any CPU.Build.0 = Debug|Any CPU
		{1798D3CA-016A-4532-AC59-64EFDB07461B}.Release|Any CPU.ActiveCfg = Release|Any CPU
		{1798D3CA-016A-4532-AC59-64EFDB07461B}.Release|Any CPU.Build.0 = Release|Any CPU
	EndGlobalSection
	GlobalSection(SolutionProperties) = preSolution
		HideSolutionNode = FALSE
	EndGlobalSection
	GlobalSection(ExtensibilityGlobals) = postSolution
		SolutionGuid = {F82DA29B-20B8-4745-9E2F-3C72EEF8DC3E}
	EndGlobalSection
EndGlobal
